
Microsoft Visual Studio Solution File, Format Version 12.00
# Visual Studio Version 16
VisualStudioVersion = 16.0.28621.142
MinimumVisualStudioVersion = 10.0.40219.1
Project("{FAE04EC0-301F-11D3-BF4B-00C04F79EFBC}") = "PaisleyPark", "PaisleyPark\PaisleyPark.csproj", "{80C7757C-B3D3-4E52-9DD8-373DE51AB450}"
	ProjectSection(ProjectDependencies) = postProject
		{A19E57D4-2858-4C84-A916-E4591C8AFCD7} = {A19E57D4-2858-4C84-A916-E4591C8AFCD7}
	EndProjectSection
EndProject
Project("{2150E333-8FDC-42A3-9474-1A3956D46DE8}") = "root", "root", "{9456CD43-203D-487F-8DE8-AD69E1043EE5}"
	ProjectSection(SolutionItems) = preProject
		Bundle.targets = Bundle.targets
		Update.xml = Update.xml
	EndProjectSection
EndProject
Project("{FAE04EC0-301F-11D3-BF4B-00C04F79EFBC}") = "PaisleyParkUpdater", "PaisleyParkUpdater\PaisleyParkUpdater.csproj", "{A19E57D4-2858-4C84-A916-E4591C8AFCD7}"
EndProject
Global
	GlobalSection(SolutionConfigurationPlatforms) = preSolution
		Debug|Any CPU = Debug|Any CPU
		Debug|x64 = Debug|x64
		Release|Any CPU = Release|Any CPU
		Release|x64 = Release|x64
	EndGlobalSection
	GlobalSection(ProjectConfigurationPlatforms) = postSolution
		{80C7757C-B3D3-4E52-9DD8-373DE51AB450}.Debug|Any CPU.ActiveCfg = Debug|Any CPU
		{80C7757C-B3D3-4E52-9DD8-373DE51AB450}.Debug|Any CPU.Build.0 = Debug|Any CPU
		{80C7757C-B3D3-4E52-9DD8-373DE51AB450}.Debug|x64.ActiveCfg = Debug|x64
		{80C7757C-B3D3-4E52-9DD8-373DE51AB450}.Debug|x64.Build.0 = Debug|x64
		{80C7757C-B3D3-4E52-9DD8-373DE51AB450}.Release|Any CPU.ActiveCfg = Release|Any CPU
		{80C7757C-B3D3-4E52-9DD8-373DE51AB450}.Release|Any CPU.Build.0 = Release|Any CPU
		{80C7757C-B3D3-4E52-9DD8-373DE51AB450}.Release|x64.ActiveCfg = Release|x64
		{80C7757C-B3D3-4E52-9DD8-373DE51AB450}.Release|x64.Build.0 = Release|x64
		{A19E57D4-2858-4C84-A916-E4591C8AFCD7}.Debug|Any CPU.ActiveCfg = Debug|Any CPU
		{A19E57D4-2858-4C84-A916-E4591C8AFCD7}.Debug|Any CPU.Build.0 = Debug|Any CPU
		{A19E57D4-2858-4C84-A916-E4591C8AFCD7}.Debug|x64.ActiveCfg = Debug|x64
		{A19E57D4-2858-4C84-A916-E4591C8AFCD7}.Debug|x64.Build.0 = Debug|x64
		{A19E57D4-2858-4C84-A916-E4591C8AFCD7}.Release|Any CPU.ActiveCfg = Release|Any CPU
		{A19E57D4-2858-4C84-A916-E4591C8AFCD7}.Release|Any CPU.Build.0 = Release|Any CPU
		{A19E57D4-2858-4C84-A916-E4591C8AFCD7}.Release|x64.ActiveCfg = Release|x64
		{A19E57D4-2858-4C84-A916-E4591C8AFCD7}.Release|x64.Build.0 = Release|x64
	EndGlobalSection
	GlobalSection(SolutionProperties) = preSolution
		HideSolutionNode = FALSE
	EndGlobalSection
	GlobalSection(ExtensibilityGlobals) = postSolution
		SolutionGuid = {D7A5AA58-0352-40B4-B44D-EEF641FE91D7}
	EndGlobalSection
EndGlobal
